
Microsoft Visual Studio Solution File, Format Version 12.00
# Visual Studio Version 17
VisualStudioVersion = 17.8.34525.116
MinimumVisualStudioVersion = 10.0.40219.1
Project("{FAE04EC0-301F-11D3-BF4B-00C04F79EFBC}") = "OnlineShop", "OnlineShop\OnlineShop.csproj", "{B40199B4-E341-44F9-915B-AE9F8EA5920A}"
EndProject
Global
	GlobalSection(SolutionConfigurationPlatforms) = preSolution
		Debug|Any CPU = Debug|Any CPU
		Release|Any CPU = Release|Any CPU
	EndGlobalSection
	GlobalSection(ProjectConfigurationPlatforms) = postSolution
		{B40199B4-E341-44F9-915B-AE9F8EA5920A}.Debug|Any CPU.ActiveCfg = Debug|Any CPU
		{B40199B4-E341-44F9-915B-AE9F8EA5920A}.Debug|Any CPU.Build.0 = Debug|Any CPU
		{B40199B4-E341-44F9-915B-AE9F8EA5920A}.Release|Any CPU.ActiveCfg = Release|Any CPU
		{B40199B4-E341-44F9-915B-AE9F8EA5920A}.Release|Any CPU.Build.0 = Release|Any CPU
	EndGlobalSection
	GlobalSection(SolutionProperties) = preSolution
		HideSolutionNode = FALSE
	EndGlobalSection
	GlobalSection(ExtensibilityGlobals) = postSolution
		SolutionGuid = {F9ADC323-A54C-4C35-A25D-62AFEF88F8AF}
	EndGlobalSection
EndGlobal
